# Toolchain
FOUNDRY_VERSION=v1.8.1
FOUNDRY_COMMIT=982849d3140c01fd3b72905759581a132df7aa98
FOUNDRY_TOOLCHAIN_ACTION_VERSION=v1.9.1
FOUNDRY_TOOLCHAIN_ACTION_COMMIT=908c540300062bd5a7e473851cdb4282204cee09

# Solidity libraries
OPENZEPPELIN_VERSION=v5.7.0
OPENZEPPELIN_COMMIT=cab19933c33c2ad1d4c7a84864a3601dddfd16f3
FORGE_STD_VERSION=v1.16.1
FORGE_STD_COMMIT=620536fa5277db4e3fd46772d5cbc1ea0696fb43
